
Microsoft Visual Studio Solution File, Format Version 12.00
# Visual Studio 2012
Project("{2150E333-8FDC-42A3-9474-1A3956D46DE8}") = "Assemblies", "Assemblies", "{DD444E44-45DB-4B37-BEBA-571F12C6B404}"
	ProjectSection(SolutionItems) = preProject
		Assemblies\Demonbuddy.exe = Assemblies\Demonbuddy.exe
	EndProjectSection
EndProject
Global
	GlobalSection(SolutionProperties) = preSolution
		HideSolutionNode = FALSE
	EndGlobalSection
EndGlobal
